// !$*UTF8*$!
{
	archiveVersion = 1;
	classes = {
	};
	objectVersion = 50;
	objects = {

/* Begin PBXBuildFile section */
		16DFDB8FBDB1455F897F844C /* Pods_Todoey.framework in Frameworks */ = {isa = PBXBuildFile; fileRef = 547B39957136961940D4B680 /* Pods_Todoey.framework */; };
		844489F12214631D00AFAF9E /* Item.swift in Sources */ = {isa = PBXBuildFile; fileRef = 844489F02214631D00AFAF9E /* Item.swift */; };
		844489F32214633100AFAF9E /* Category.swift in Sources */ = {isa = PBXBuildFile; fileRef = 844489F22214633100AFAF9E /* Category.swift */; };
		844489F52215BD3700AFAF9E /* SwipeViewController.swift in Sources */ = {isa = PBXBuildFile; fileRef = 844489F42215BD3700AFAF9E /* SwipeViewController.swift */; };
		84522D7B220C705200498B27 /* CategoryViewController.swift in Sources */ = {isa = PBXBuildFile; fileRef = 84522D7A220C705200498B27 /* CategoryViewController.swift */; };
		84BCFF9121FF0B83003247E1 /* AppDelegate.swift in Sources */ = {isa = PBXBuildFile; fileRef = 84BCFF9021FF0B83003247E1 /* AppDelegate.swift */; };
		84BCFF9321FF0B83003247E1 /* ToDoListViewController.swift in Sources */ = {isa = PBXBuildFile; fileRef = 84BCFF9221FF0B83003247E1 /* ToDoListViewController.swift */; };
		84BCFF9621FF0B83003247E1 /* Main.storyboard in Resources */ = {isa = PBXBuildFile; fileRef = 84BCFF9421FF0B83003247E1 /* Main.storyboard */; };
		84BCFF9821FF0B8B003247E1 /* Assets.xcassets in Resources */ = {isa = PBXBuildFile; fileRef = 84BCFF9721FF0B8B003247E1 /* Assets.xcassets */; };
		84BCFF9B21FF0B8B003247E1 /* LaunchScreen.storyboard in Resources */ = {isa = PBXBuildFile; fileRef = 84BCFF9921FF0B8B003247E1 /* LaunchScreen.storyboard */; };
/* End PBXBuildFile section */

/* Begin PBXFileReference section */
		409E0FDF3EE755D519B21353 /* Pods-Todoey.debug.xcconfig */ = {isa = PBXFileReference; includeInIndex = 1; lastKnownFileType = text.xcconfig; name = "Pods-Todoey.debug.xcconfig"; path = "Pods/Target Support Files/Pods-Todoey/Pods-Todoey.debug.xcconfig"; sourceTree = "<group>"; };
		547B39957136961940D4B680 /* Pods_Todoey.framework */ = {isa = PBXFileReference; explicitFileType = wrapper.framework; includeInIndex = 0; path = Pods_Todoey.framework; sourceTree = BUILT_PRODUCTS_DIR; };
		844489F02214631D00AFAF9E /* Item.swift */ = {isa = PBXFileReference; lastKnownFileType = sourcecode.swift; path = Item.swift; sourceTree = "<group>"; };
		844489F22214633100AFAF9E /* Category.swift */ = {isa = PBXFileReference; lastKnownFileType = sourcecode.swift; path = Category.swift; sourceTree = "<group>"; };
		844489F42215BD3700AFAF9E /* SwipeViewController.swift */ = {isa = PBXFileReference; lastKnownFileType = sourcecode.swift; path = SwipeViewController.swift; sourceTree = "<group>"; };
		84522D7A220C705200498B27 /* CategoryViewController.swift */ = {isa = PBXFileReference; lastKnownFileType = sourcecode.swift; path = CategoryViewController.swift; sourceTree = "<group>"; };
		84BCFF8D21FF0B83003247E1 /* Todoey.app */ = {isa = PBXFileReference; explicitFileType = wrapper.application; includeInIndex = 0; path = Todoey.app; sourceTree = BUILT_PRODUCTS_DIR; };
		84BCFF9021FF0B83003247E1 /* AppDelegate.swift */ = {isa = PBXFileReference; lastKnownFileType = sourcecode.swift; path = AppDelegate.swift; sourceTree = "<group>"; };
		84BCFF9221FF0B83003247E1 /* ToDoListViewController.swift */ = {isa = PBXFileReference; lastKnownFileType = sourcecode.swift; path = ToDoListViewController.swift; sourceTree = "<group>"; };
		84BCFF9521FF0B83003247E1 /* Base */ = {isa = PBXFileReference; lastKnownFileType = file.storyboard; name = Base; path = Base.lproj/Main.storyboard; sourceTree = "<group>"; };
		84BCFF9721FF0B8B003247E1 /* Assets.xcassets */ = {isa = PBXFileReference; lastKnownFileType = folder.assetcatalog; path = Assets.xcassets; sourceTree = "<group>"; };
		84BCFF9A21FF0B8B003247E1 /* Base */ = {isa = PBXFileReference; lastKnownFileType = file.storyboard; name = Base; path = Base.lproj/LaunchScreen.storyboard; sourceTree = "<group>"; };
		84BCFF9C21FF0B8B003247E1 /* Info.plist */ = {isa = PBXFileReference; lastKnownFileType = text.plist.xml; path = Info.plist; sourceTree = "<group>"; };
		ABAEA8F739C4C442FC2F9A92 /* Pods-Todoey.release.xcconfig */ = {isa = PBXFileReference; includeInIndex = 1; lastKnownFileType = text.xcconfig; name = "Pods-Todoey.release.xcconfig"; path = "Pods/Target Support Files/Pods-Todoey/Pods-Todoey.release.xcconfig"; sourceTree = "<group>"; };
/* End PBXFileReference section */

/* Begin PBXFrameworksBuildPhase section */
		84BCFF8A21FF0B83003247E1 /* Frameworks */ = {
			isa = PBXFrameworksBuildPhase;
			buildActionMask = 2147483647;
			files = (
				16DFDB8FBDB1455F897F844C /* Pods_Todoey.framework in Frameworks */,
			);
			runOnlyForDeploymentPostprocessing = 0;
		};
/* End PBXFrameworksBuildPhase section */

/* Begin PBXGroup section */
		3A98F4BDB94F4F068EF84573 /* Pods */ = {
			isa = PBXGroup;
			children = (
				409E0FDF3EE755D519B21353 /* Pods-Todoey.debug.xcconfig */,
				ABAEA8F739C4C442FC2F9A92 /* Pods-Todoey.release.xcconfig */,
			);
			name = Pods;
			sourceTree = "<group>";
		};
		84BCFF8421FF0B83003247E1 = {
			isa = PBXGroup;
			children = (
				84BCFF8F21FF0B83003247E1 /* Todoey */,
				84BCFF8E21FF0B83003247E1 /* Products */,
				3A98F4BDB94F4F068EF84573 /* Pods */,
				A524EC7E002D6C1C92D40F3A /* Frameworks */,
			);
			sourceTree = "<group>";
		};
		84BCFF8E21FF0B83003247E1 /* Products */ = {
			isa = PBXGroup;
			children = (
				84BCFF8D21FF0B83003247E1 /* Todoey.app */,
			);
			name = Products;
			sourceTree = "<group>";
		};
		84BCFF8F21FF0B83003247E1 /* Todoey */ = {
			isa = PBXGroup;
			children = (
				84BCFF9021FF0B83003247E1 /* AppDelegate.swift */,
				84BCFFA821FF504A003247E1 /* Model */,
				84BCFFAA21FF50BC003247E1 /* View */,
				84BCFFA921FF50AB003247E1 /* Controllers */,
				84BCFFAB21FF50D3003247E1 /* Supporting files */,
				84BCFF9C21FF0B8B003247E1 /* Info.plist */,
			);
			path = Todoey;
			sourceTree = "<group>";
		};
		84BCFFA821FF504A003247E1 /* Model */ = {
			isa = PBXGroup;
			children = (
				844489F22214633100AFAF9E /* Category.swift */,
				844489F02214631D00AFAF9E /* Item.swift */,
			);
			path = Model;
			sourceTree = "<group>";
		};
		84BCFFA921FF50AB003247E1 /* Controllers */ = {
			isa = PBXGroup;
			children = (
				844489F42215BD3700AFAF9E /* SwipeViewController.swift */,
				84522D7A220C705200498B27 /* CategoryViewController.swift */,
				84BCFF9221FF0B83003247E1 /* ToDoListViewController.swift */,
			);
			path = Controllers;
			sourceTree = "<group>";
		};
		84BCFFAA21FF50BC003247E1 /* View */ = {
			isa = PBXGroup;
			children = (
				84BCFF9421FF0B83003247E1 /* Main.storyboard */,
			);
			path = View;
			sourceTree = "<group>";
		};
		84BCFFAB21FF50D3003247E1 /* Supporting files */ = {
			isa = PBXGroup;
			children = (
				84BCFF9721FF0B8B003247E1 /* Assets.xcassets */,
				84BCFF9921FF0B8B003247E1 /* LaunchScreen.storyboard */,
			);
			path = "Supporting files";
			sourceTree = "<group>";
		};
		A524EC7E002D6C1C92D40F3A /* Frameworks */ = {
			isa = PBXGroup;
			children = (
				547B39957136961940D4B680 /* Pods_Todoey.framework */,
			);
			name = Frameworks;
			sourceTree = "<group>";
		};
/* End PBXGroup section */

/* Begin PBXNativeTarget section */
		84BCFF8C21FF0B83003247E1 /* Todoey */ = {
			isa = PBXNativeTarget;
			buildConfigurationList = 84BCFF9F21FF0B8B003247E1 /* Build configuration list for PBXNativeTarget "Todoey" */;
			buildPhases = (
				B0B5EBC3E72A06A5D4FEB206 /* [CP] Check Pods Manifest.lock */,
				84BCFF8921FF0B83003247E1 /* Sources */,
				84BCFF8A21FF0B83003247E1 /* Frameworks */,
				84BCFF8B21FF0B83003247E1 /* Resources */,
				F2819D829F1FFB62F58002C0 /* [CP] Embed Pods Frameworks */,
			);
			buildRules = (
			);
			dependencies = (
			);
			name = Todoey;
			productName = Todoey;
			productReference = 84BCFF8D21FF0B83003247E1 /* Todoey.app */;
			productType = "com.apple.product-type.application";
		};
/* End PBXNativeTarget section */

/* Begin PBXProject section */
		84BCFF8521FF0B83003247E1 /* Project object */ = {
			isa = PBXProject;
			attributes = {
				LastSwiftUpdateCheck = 1010;
				LastUpgradeCheck = 1010;
				ORGANIZATIONNAME = "Luke McCarthy";
				TargetAttributes = {
					84BCFF8C21FF0B83003247E1 = {
						CreatedOnToolsVersion = 10.1;
					};
				};
			};
			buildConfigurationList = 84BCFF8821FF0B83003247E1 /* Build configuration list for PBXProject "Todoey" */;
			compatibilityVersion = "Xcode 9.3";
			developmentRegion = en;
			hasScannedForEncodings = 0;
			knownRegions = (
				en,
				Base,
			);
			mainGroup = 84BCFF8421FF0B83003247E1;
			productRefGroup = 84BCFF8E21FF0B83003247E1 /* Products */;
			projectDirPath = "";
			projectRoot = "";
			targets = (
				84BCFF8C21FF0B83003247E1 /* Todoey */,
			);
		};
/* End PBXProject section */

/* Begin PBXResourcesBuildPhase section */
		84BCFF8B21FF0B83003247E1 /* Resources */ = {
			isa = PBXResourcesBuildPhase;
			buildActionMask = 2147483647;
			files = (
				84BCFF9B21FF0B8B003247E1 /* LaunchScreen.storyboard in Resources */,
				84BCFF9821FF0B8B003247E1 /* Assets.xcassets in Resources */,
				84BCFF9621FF0B83003247E1 /* Main.storyboard in Resources */,
			);
			runOnlyForDeploymentPostprocessing = 0;
		};
/* End PBXResourcesBuildPhase section */

/* Begin PBXShellScriptBuildPhase section */
		B0B5EBC3E72A06A5D4FEB206 /* [CP] Check Pods Manifest.lock */ = {
			isa = PBXShellScriptBuildPhase;
			buildActionMask = 2147483647;
			files = (
			);
			inputFileListPaths = (
			);
			inputPaths = (
				"${PODS_PODFILE_DIR_PATH}/Podfile.lock",
				"${PODS_ROOT}/Manifest.lock",
			);
			name = "[CP] Check Pods Manifest.lock";
			outputFileListPaths = (
			);
			outputPaths = (
				"$(DERIVED_FILE_DIR)/Pods-Todoey-checkManifestLockResult.txt",
			);
			runOnlyForDeploymentPostprocessing = 0;
			shellPath = /bin/sh;
			shellScript = "diff \"${PODS_PODFILE_DIR_PATH}/Podfile.lock\" \"${PODS_ROOT}/Manifest.lock\" > /dev/null\nif [ $? != 0 ] ; then\n    # print error to STDERR\n    echo \"error: The sandbox is not in sync with the Podfile.lock. Run 'pod install' or update your CocoaPods installation.\" >&2\n    exit 1\nfi\n# This output is used by Xcode 'outputs' to avoid re-running this script phase.\necho \"SUCCESS\" > \"${SCRIPT_OUTPUT_FILE_0}\"\n";
			showEnvVarsInLog = 0;
		};
		F2819D829F1FFB62F58002C0 /* [CP] Embed Pods Frameworks */ = {
			isa = PBXShellScriptBuildPhase;
			buildActionMask = 2147483647;
			files = (
			);
			inputFileListPaths = (
			);
			inputPaths = (
				"${SRCROOT}/Pods/Target Support Files/Pods-Todoey/Pods-Todoey-frameworks.sh",
				"${BUILT_PRODUCTS_DIR}/Realm/Realm.framework",
				"${BUILT_PRODUCTS_DIR}/RealmSwift/RealmSwift.framework",
				"${BUILT_PRODUCTS_DIR}/SwipeCellKit/SwipeCellKit.framework",
			);
			name = "[CP] Embed Pods Frameworks";
			outputFileListPaths = (
			);
			outputPaths = (
				"${TARGET_BUILD_DIR}/${FRAMEWORKS_FOLDER_PATH}/Realm.framework",
				"${TARGET_BUILD_DIR}/${FRAMEWORKS_FOLDER_PATH}/RealmSwift.framework",
				"${TARGET_BUILD_DIR}/${FRAMEWORKS_FOLDER_PATH}/SwipeCellKit.framework",
			);
			runOnlyForDeploymentPostprocessing = 0;
			shellPath = /bin/sh;
			shellScript = "\"${SRCROOT}/Pods/Target Support Files/Pods-Todoey/Pods-Todoey-frameworks.sh\"\n";
			showEnvVarsInLog = 0;
		};
/* End PBXShellScriptBuildPhase section */

/* Begin PBXSourcesBuildPhase section */
		84BCFF8921FF0B83003247E1 /* Sources */ = {
			isa = PBXSourcesBuildPhase;
			buildActionMask = 2147483647;
			files = (
				844489F12214631D00AFAF9E /* Item.swift in Sources */,
				84522D7B220C705200498B27 /* CategoryViewController.swift in Sources */,
				84BCFF9321FF0B83003247E1 /* ToDoListViewController.swift in Sources */,
				84BCFF9121FF0B83003247E1 /* AppDelegate.swift in Sources */,
				844489F32214633100AFAF9E /* Category.swift in Sources */,
				844489F52215BD3700AFAF9E /* SwipeViewController.swift in Sources */,
			);
			runOnlyForDeploymentPostprocessing = 0;
		};
/* End PBXSourcesBuildPhase section */

/* Begin PBXVariantGroup section */
		84BCFF9421FF0B83003247E1 /* Main.storyboard */ = {
			isa = PBXVariantGroup;
			children = (
				84BCFF9521FF0B83003247E1 /* Base */,
			);
			name = Main.storyboard;
			sourceTree = "<group>";
		};
		84BCFF9921FF0B8B003247E1 /* LaunchScreen.storyboard */ = {
			isa = PBXVariantGroup;
			children = (
				84BCFF9A21FF0B8B003247E1 /* Base */,
			);
			name = LaunchScreen.storyboard;
			sourceTree = "<group>";
		};
/* End PBXVariantGroup section */

/* Begin XCBuildConfiguration section */
		84BCFF9D21FF0B8B003247E1 /* Debug */ = {
			isa = XCBuildConfiguration;
			buildSettings = {
				ALWAYS_SEARCH_USER_PATHS = NO;
				CLANG_ANALYZER_NONNULL = YES;
				CLANG_ANALYZER_NUMBER_OBJECT_CONVERSION = YES_AGGRESSIVE;
				CLANG_CXX_LANGUAGE_STANDARD = "gnu++14";
				CLANG_CXX_LIBRARY = "libc++";
				CLANG_ENABLE_MODULES = YES;
				CLANG_ENABLE_OBJC_ARC = YES;
				CLANG_ENABLE_OBJC_WEAK = YES;
				CLANG_WARN_BLOCK_CAPTURE_AUTORELEASING = YES;
				CLANG_WARN_BOOL_CONVERSION = YES;
				CLANG_WARN_COMMA = YES;
				CLANG_WARN_CONSTANT_CONVERSION = YES;
				CLANG_WARN_DEPRECATED_OBJC_IMPLEMENTATIONS = YES;
				CLANG_WARN_DIRECT_OBJC_ISA_USAGE = YES_ERROR;
				CLANG_WARN_DOCUMENTATION_COMMENTS = YES;
				CLANG_WARN_EMPTY_BODY = YES;
				CLANG_WARN_ENUM_CONVERSION = YES;
				CLANG_WARN_INFINITE_RECURSION = YES;
				CLANG_WARN_INT_CONVERSION = YES;
				CLANG_WARN_NON_LITERAL_NULL_CONVERSION = YES;
				CLANG_WARN_OBJC_IMPLICIT_RETAIN_SELF = YES;
				CLANG_WARN_OBJC_LITERAL_CONVERSION = YES;
				CLANG_WARN_OBJC_ROOT_CLASS = YES_ERROR;
				CLANG_WARN_RANGE_LOOP_ANALYSIS = YES;
				CLANG_WARN_STRICT_PROTOTYPES = YES;
				CLANG_WARN_SUSPICIOUS_MOVE = YES;
				CLANG_WARN_UNGUARDED_AVAILABILITY = YES_AGGRESSIVE;
				CLANG_WARN_UNREACHABLE_CODE = YES;
				CLANG_WARN__DUPLICATE_METHOD_MATCH = YES;
				CODE_SIGN_IDENTITY = "iPhone Developer";
				COPY_PHASE_STRIP = NO;
				DEBUG_INFORMATION_FORMAT = dwarf;
				ENABLE_STRICT_OBJC_MSGSEND = YES;
				ENABLE_TESTABILITY = YES;
				GCC_C_LANGUAGE_STANDARD = gnu11;
				GCC_DYNAMIC_NO_PIC = NO;
				GCC_NO_COMMON_BLOCKS = YES;
				GCC_OPTIMIZATION_LEVEL = 0;
				GCC_PREPROCESSOR_DEFINITIONS = (
					"DEBUG=1",
					"$(inherited)",
				);
				GCC_WARN_64_TO_32_BIT_CONVERSION = YES;
				GCC_WARN_ABOUT_RETURN_TYPE = YES_ERROR;
				GCC_WARN_UNDECLARED_SELECTOR = YES;
				GCC_WARN_UNINITIALIZED_AUTOS = YES_AGGRESSIVE;
				GCC_WARN_UNUSED_FUNCTION = YES;
				GCC_WARN_UNUSED_VARIABLE = YES;
				IPHONEOS_DEPLOYMENT_TARGET = 12.1;
				MTL_ENABLE_DEBUG_INFO = INCLUDE_SOURCE;
				MTL_FAST_MATH = YES;
				ONLY_ACTIVE_ARCH = YES;
				SDKROOT = iphoneos;
				SWIFT_ACTIVE_COMPILATION_CONDITIONS = DEBUG;
				SWIFT_OPTIMIZATION_LEVEL = "-Onone";
			};
			name = Debug;
		};
		84BCFF9E21FF0B8B003247E1 /* Release */ = {
			isa = XCBuildConfiguration;
			buildSettings = {
				ALWAYS_SEARCH_USER_PATHS = NO;
				CLANG_ANALYZER_NONNULL = YES;
				CLANG_ANALYZER_NUMBER_OBJECT_CONVERSION = YES_AGGRESSIVE;
				CLANG_CXX_LANGUAGE_STANDARD = "gnu++14";
				CLANG_CXX_LIBRARY = "libc++";
				CLANG_ENABLE_MODULES = YES;
				CLANG_ENABLE_OBJC_ARC = YES;
				CLANG_ENABLE_OBJC_WEAK = YES;
				CLANG_WARN_BLOCK_CAPTURE_AUTORELEASING = YES;
				CLANG_WARN_BOOL_CONVERSION = YES;
				CLANG_WARN_COMMA = YES;
				CLANG_WARN_CONSTANT_CONVERSION = YES;
				CLANG_WARN_DEPRECATED_OBJC_IMPLEMENTATIONS = YES;
				CLANG_WARN_DIRECT_OBJC_ISA_USAGE = YES_ERROR;
				CLANG_WARN_DOCUMENTATION_COMMENTS = YES;
				CLANG_WARN_EMPTY_BODY = YES;
				CLANG_WARN_ENUM_CONVERSION = YES;
				CLANG_WARN_INFINITE_RECURSION = YES;
				CLANG_WARN_INT_CONVERSION = YES;
				CLANG_WARN_NON_LITERAL_NULL_CONVERSION = YES;
				CLANG_WARN_OBJC_IMPLICIT_RETAIN_SELF = YES;
				CLANG_WARN_OBJC_LITERAL_CONVERSION = YES;
				CLANG_WARN_OBJC_ROOT_CLASS = YES_ERROR;
				CLANG_WARN_RANGE_LOOP_ANALYSIS = YES;
				CLANG_WARN_STRICT_PROTOTYPES = YES;
				CLANG_WARN_SUSPICIOUS_MOVE = YES;
				CLANG_WARN_UNGUARDED_AVAILABILITY = YES_AGGRESSIVE;
				CLANG_WARN_UNREACHABLE_CODE = YES;
				CLANG_WARN__DUPLICATE_METHOD_MATCH = YES;
				CODE_SIGN_IDENTITY = "iPhone Developer";
				COPY_PHASE_STRIP = NO;
				DEBUG_INFORMATION_FORMAT = "dwarf-with-dsym";
				ENABLE_NS_ASSERTIONS = NO;
				ENABLE_STRICT_OBJC_MSGSEND = YES;
				GCC_C_LANGUAGE_STANDARD = gnu11;
				GCC_NO_COMMON_BLOCKS = YES;
				GCC_WARN_64_TO_32_BIT_CONVERSION = YES;
				GCC_WARN_ABOUT_RETURN_TYPE = YES_ERROR;
				GCC_WARN_UNDECLARED_SELECTOR = YES;
				GCC_WARN_UNINITIALIZED_AUTOS = YES_AGGRESSIVE;
				GCC_WARN_UNUSED_FUNCTION = YES;
				GCC_WARN_UNUSED_VARIABLE = YES;
				IPHONEOS_DEPLOYMENT_TARGET = 12.1;
				MTL_ENABLE_DEBUG_INFO = NO;
				MTL_FAST_MATH = YES;
				SDKROOT = iphoneos;
				SWIFT_COMPILATION_MODE = wholemodule;
				SWIFT_OPTIMIZATION_LEVEL = "-O";
				VALIDATE_PRODUCT = YES;
			};
			name = Release;
		};
		84BCFFA021FF0B8B003247E1 /* Debug */ = {
			isa = XCBuildConfiguration;
			baseConfigurationReference = 409E0FDF3EE755D519B21353 /* Pods-Todoey.debug.xcconfig */;
			buildSettings = {
				ASSETCATALOG_COMPILER_APPICON_NAME = AppIcon;
				CODE_SIGN_STYLE = Automatic;
				DEVELOPMENT_TEAM = 6ZKMR695ZF;
				INFOPLIST_FILE = Todoey/Info.plist;
				LD_RUNPATH_SEARCH_PATHS = (
					"$(inherited)",
					"@executable_path/Frameworks",
				);
				PRODUCT_BUNDLE_IDENTIFIER = com.lukemccarthy.Todoey;
				PRODUCT_NAME = "$(TARGET_NAME)";
				SWIFT_VERSION = 4.2;
				TARGETED_DEVICE_FAMILY = "1,2";
			};
			name = Debug;
		};
		84BCFFA121FF0B8B003247E1 /* Release */ = {
			isa = XCBuildConfiguration;
			baseConfigurationReference = ABAEA8F739C4C442FC2F9A92 /* Pods-Todoey.release.xcconfig */;
			buildSettings = {
				ASSETCATALOG_COMPILER_APPICON_NAME = AppIcon;
				CODE_SIGN_STYLE = Automatic;
				DEVELOPMENT_TEAM = 6ZKMR695ZF;
				INFOPLIST_FILE = Todoey/Info.plist;
				LD_RUNPATH_SEARCH_PATHS = (
					"$(inherited)",
					"@executable_path/Frameworks",
				);
				PRODUCT_BUNDLE_IDENTIFIER = com.lukemccarthy.Todoey;
				PRODUCT_NAME = "$(TARGET_NAME)";
				SWIFT_VERSION = 4.2;
				TARGETED_DEVICE_FAMILY = "1,2";
			};
			name = Release;
		};
/* End XCBuildConfiguration section */

/* Begin XCConfigurationList section */
		84BCFF8821FF0B83003247E1 /* Build configuration list for PBXProject "Todoey" */ = {
			isa = XCConfigurationList;
			buildConfigurations = (
				84BCFF9D21FF0B8B003247E1 /* Debug */,
				84BCFF9E21FF0B8B003247E1 /* Release */,
			);
			defaultConfigurationIsVisible = 0;
			defaultConfigurationName = Release;
		};
		84BCFF9F21FF0B8B003247E1 /* Build configuration list for PBXNativeTarget "Todoey" */ = {
			isa = XCConfigurationList;
			buildConfigurations = (
				84BCFFA021FF0B8B003247E1 /* Debug */,
				84BCFFA121FF0B8B003247E1 /* Release */,
			);
			defaultConfigurationIsVisible = 0;
			defaultConfigurationName = Release;
		};
/* End XCConfigurationList section */
	};
	rootObject = 84BCFF8521FF0B83003247E1 /* Project object */;
}
